// !$*UTF8*$!
{
	archiveVersion = 1;
	classes = {
	};
	objectVersion = 90;
	objects = {

/* Begin PBXBuildFile section */
		EF340F732F1A78E80058824F /* PlayerCell.swift in Sources */ = {isa = PBXBuildFile; fileRef = EF340F6D2F1A78E80058824F /* PlayerCell.swift */; };
		EF340F742F1A78E80058824F /* AppDelegate.swift in Sources */ = {isa = PBXBuildFile; fileRef = EF340F652F1A78E80058824F /* AppDelegate.swift */; };
		EF340F752F1A78E80058824F /* SecondViewController.swift in Sources */ = {isa = PBXBuildFile; fileRef = EF340F702F1A78E80058824F /* SecondViewController.swift */; };
		EF340F762F1A78E80058824F /* memo.swift in Sources */ = {isa = PBXBuildFile; fileRef = EF340F6C2F1A78E80058824F /* memo.swift */; };
		EF340F772F1A78E80058824F /* SceneDelegate.swift in Sources */ = {isa = PBXBuildFile; fileRef = EF340F6F2F1A78E80058824F /* SceneDelegate.swift */; };
		EF340F782F1A78E80058824F /* positioncolor.swift in Sources */ = {isa = PBXBuildFile; fileRef = EF340F6E2F1A78E80058824F /* positioncolor.swift */; };
		EF340F792F1A78E80058824F /* ViewController.swift in Sources */ = {isa = PBXBuildFile; fileRef = EF340F712F1A78E80058824F /* ViewController.swift */; };
		EF340F7A2F1A78E80058824F /* Main.storyboard in Resources */ = {isa = PBXBuildFile; fileRef = EF340F6B2F1A78E80058824F /* Main.storyboard */; };
		EF340F7C2F1A78E80058824F /* Assets.xcassets in Resources */ = {isa = PBXBuildFile; fileRef = EF340F662F1A78E80058824F /* Assets.xcassets */; };
		EF340F7D2F1A78E80058824F /* LaunchScreen.storyboard in Resources */ = {isa = PBXBuildFile; fileRef = EF340F692F1A78E80058824F /* LaunchScreen.storyboard */; };
		EF9B27512F25EC8500540DDD /* EditplayerViewController.swift in Sources */ = {isa = PBXBuildFile; fileRef = EF9B27502F25EC7700540DDD /* EditplayerViewController.swift */; };
/* End PBXBuildFile section */

/* Begin PBXFileReference section */
		EF340F652F1A78E80058824F /* AppDelegate.swift */ = {isa = PBXFileReference; lastKnownFileType = sourcecode.swift; path = AppDelegate.swift; sourceTree = "<group>"; };
		EF340F662F1A78E80058824F /* Assets.xcassets */ = {isa = PBXFileReference; lastKnownFileType = folder.assetcatalog; path = Assets.xcassets; sourceTree = "<group>"; };
		EF340F672F1A78E80058824F /* Info.plist */ = {isa = PBXFileReference; lastKnownFileType = text.plist.xml; path = Info.plist; sourceTree = "<group>"; };
		EF340F682F1A78E80058824F /* Base */ = {isa = PBXFileReference; lastKnownFileType = file.storyboard; name = Base; path = Base.lproj/LaunchScreen.storyboard; sourceTree = "<group>"; };
		EF340F6A2F1A78E80058824F /* Base */ = {isa = PBXFileReference; lastKnownFileType = file.storyboard; name = Base; path = Base.lproj/Main.storyboard; sourceTree = "<group>"; };
		EF340F6C2F1A78E80058824F /* memo.swift */ = {isa = PBXFileReference; lastKnownFileType = sourcecode.swift; path = memo.swift; sourceTree = "<group>"; };
		EF340F6D2F1A78E80058824F /* PlayerCell.swift */ = {isa = PBXFileReference; lastKnownFileType = sourcecode.swift; path = PlayerCell.swift; sourceTree = "<group>"; };
		EF340F6E2F1A78E80058824F /* positioncolor.swift */ = {isa = PBXFileReference; lastKnownFileType = sourcecode.swift; path = positioncolor.swift; sourceTree = "<group>"; };
		EF340F6F2F1A78E80058824F /* SceneDelegate.swift */ = {isa = PBXFileReference; lastKnownFileType = sourcecode.swift; path = SceneDelegate.swift; sourceTree = "<group>"; };
		EF340F702F1A78E80058824F /* SecondViewController.swift */ = {isa = PBXFileReference; lastKnownFileType = sourcecode.swift; path = SecondViewController.swift; sourceTree = "<group>"; };
		EF340F712F1A78E80058824F /* ViewController.swift */ = {isa = PBXFileReference; lastKnownFileType = sourcecode.swift; path = ViewController.swift; sourceTree = "<group>"; };
		EF473D332EE6D2AC00529782 /* ui_test_3.app */ = {isa = PBXFileReference; explicitFileType = wrapper.application; includeInIndex = 0; path = ui_test_3.app; sourceTree = BUILT_PRODUCTS_DIR; };
		EF9B27502F25EC7700540DDD /* EditplayerViewController.swift */ = {isa = PBXFileReference; lastKnownFileType = sourcecode.swift; path = EditplayerViewController.swift; sourceTree = "<group>"; };
/* End PBXFileReference section */

/* Begin PBXFrameworksBuildPhase section */
		EF473D302EE6D2AC00529782 /* Frameworks */ = {
			isa = PBXFrameworksBuildPhase;
			files = (
			);
		};
/* End PBXFrameworksBuildPhase section */

/* Begin PBXGroup section */
		EF340F722F1A78E80058824F /* day4_test_ui 2 */ = {
			isa = PBXGroup;
			children = (
				EF340F652F1A78E80058824F /* AppDelegate.swift */,
				EF340F662F1A78E80058824F /* Assets.xcassets */,
				EF340F672F1A78E80058824F /* Info.plist */,
				EF340F692F1A78E80058824F /* LaunchScreen.storyboard */,
				EF340F6B2F1A78E80058824F /* Main.storyboard */,
				EF340F6C2F1A78E80058824F /* memo.swift */,
				EF340F6D2F1A78E80058824F /* PlayerCell.swift */,
				EF340F6E2F1A78E80058824F /* positioncolor.swift */,
				EF340F6F2F1A78E80058824F /* SceneDelegate.swift */,
				EF340F702F1A78E80058824F /* SecondViewController.swift */,
				EF9B27502F25EC7700540DDD /* EditplayerViewController.swift */,
				EF340F712F1A78E80058824F /* ViewController.swift */,
			);
			path = "day4_test_ui 2";
			sourceTree = "<group>";
		};
		EF473D2A2EE6D2AC00529782 = {
			isa = PBXGroup;
			children = (
				EF340F722F1A78E80058824F /* day4_test_ui 2 */,
				EF473D342EE6D2AC00529782 /* Products */,
			);
			sourceTree = "<group>";
		};
		EF473D342EE6D2AC00529782 /* Products */ = {
			isa = PBXGroup;
			children = (
				EF473D332EE6D2AC00529782 /* ui_test_3.app */,
			);
			name = Products;
			sourceTree = "<group>";
		};
/* End PBXGroup section */

/* Begin PBXNativeTarget section */
		EF473D322EE6D2AC00529782 /* ui test 2 */ = {
			isa = PBXNativeTarget;
			buildConfigurationList = EF473D462EE6D2AD00529782 /* Build configuration list for PBXNativeTarget "ui test 2" */;
			buildPhases = (
				EF473D2F2EE6D2AC00529782 /* Sources */,
				EF473D302EE6D2AC00529782 /* Frameworks */,
				EF473D312EE6D2AC00529782 /* Resources */,
			);
			buildRules = (
			);
			name = "ui test 2";
			productName = "ui test 2";
			productReference = EF473D332EE6D2AC00529782 /* ui_test_3.app */;
			productType = "com.apple.product-type.application";
		};
/* End PBXNativeTarget section */

/* Begin PBXProject section */
		EF473D2B2EE6D2AC00529782 /* Project object */ = {
			isa = PBXProject;
			attributes = {
				BuildIndependentTargetsInParallel = 1;
				LastSwiftUpdateCheck = 2610;
				LastUpgradeCheck = 2610;
				TargetAttributes = {
					EF473D322EE6D2AC00529782 = {
						CreatedOnToolsVersion = 26.1.1;
					};
				};
			};
			buildConfigurationList = EF473D2E2EE6D2AC00529782 /* Build configuration list for PBXProject "ui test 2" */;
			developmentRegion = en;
			hasScannedForEncodings = 0;
			knownRegions = (
				en,
				Base,
			);
			mainGroup = EF473D2A2EE6D2AC00529782;
			minimizedProjectReferenceProxies = 1;
			preferredProjectObjectVersion = 90;
			productRefGroup = EF473D342EE6D2AC00529782 /* Products */;
			projectDirPath = "";
			projectRoot = "";
			targets = (
				EF473D322EE6D2AC00529782 /* ui test 2 */,
			);
		};
/* End PBXProject section */

/* Begin PBXResourcesBuildPhase section */
		EF473D312EE6D2AC00529782 /* Resources */ = {
			isa = PBXResourcesBuildPhase;
			files = (
				EF340F7A2F1A78E80058824F /* Main.storyboard in Resources */,
				EF340F7C2F1A78E80058824F /* Assets.xcassets in Resources */,
				EF340F7D2F1A78E80058824F /* LaunchScreen.storyboard in Resources */,
			);
		};
/* End PBXResourcesBuildPhase section */

/* Begin PBXSourcesBuildPhase section */
		EF473D2F2EE6D2AC00529782 /* Sources */ = {
			isa = PBXSourcesBuildPhase;
			files = (
				EF340F732F1A78E80058824F /* PlayerCell.swift in Sources */,
				EF340F742F1A78E80058824F /* AppDelegate.swift in Sources */,
				EF340F752F1A78E80058824F /* SecondViewController.swift in Sources */,
				EF9B27512F25EC8500540DDD /* EditplayerViewController.swift in Sources */,
				EF340F762F1A78E80058824F /* memo.swift in Sources */,
				EF340F772F1A78E80058824F /* SceneDelegate.swift in Sources */,
				EF340F782F1A78E80058824F /* positioncolor.swift in Sources */,
				EF340F792F1A78E80058824F /* ViewController.swift in Sources */,
			);
		};
/* End PBXSourcesBuildPhase section */

/* Begin PBXVariantGroup section */
		EF340F692F1A78E80058824F /* LaunchScreen.storyboard */ = {
			isa = PBXVariantGroup;
			children = (
				EF340F682F1A78E80058824F /* Base */,
			);
			name = LaunchScreen.storyboard;
			sourceTree = "<group>";
		};
		EF340F6B2F1A78E80058824F /* Main.storyboard */ = {
			isa = PBXVariantGroup;
			children = (
				EF340F6A2F1A78E80058824F /* Base */,
			);
			name = Main.storyboard;
			sourceTree = "<group>";
		};
/* End PBXVariantGroup section */

/* Begin XCBuildConfiguration section */
		EF473D472EE6D2AD00529782 /* Debug configuration for PBXNativeTarget "ui test 2" */ = {
			isa = XCBuildConfiguration;
			buildSettings = {
				ASSETCATALOG_COMPILER_APPICON_NAME = AppIcon;
				ASSETCATALOG_COMPILER_GLOBAL_ACCENT_COLOR_NAME = AccentColor;
				CODE_SIGN_STYLE = Automatic;
				CURRENT_PROJECT_VERSION = 1;
				GENERATE_INFOPLIST_FILE = NO;
				INFOPLIST_FILE = "day4_test_ui 2/Info.plist";
				INFOPLIST_KEY_CFBundleDisplayName = "$(EXECUTABLE_NAME)";
				INFOPLIST_KEY_UIApplicationSupportsIndirectInputEvents = YES;
				INFOPLIST_KEY_UILaunchStoryboardName = LaunchScreen;
				INFOPLIST_KEY_UIMainStoryboardFile = Main;
				INFOPLIST_KEY_UISupportedInterfaceOrientations_iPad = "UIInterfaceOrientationPortrait UIInterfaceOrientationPortraitUpsideDown UIInterfaceOrientationLandscapeLeft UIInterfaceOrientationLandscapeRight";
				INFOPLIST_KEY_UISupportedInterfaceOrientations_iPhone = "UIInterfaceOrientationPortrait UIInterfaceOrientationLandscapeLeft UIInterfaceOrientationLandscapeRight";
				LD_RUNPATH_SEARCH_PATHS = (
					"$(inherited)",
					"@executable_path/Frameworks",
				);
				MARKETING_VERSION = 1.0;
				ONLY_ACTIVE_ARCH = YES;
				PRODUCT_BUNDLE_IDENTIFIER = com.eundy.SwiftStudy.Day4;
				PRODUCT_NAME = ui_test_3;
				STRING_CATALOG_GENERATE_SYMBOLS = YES;
				SWIFT_APPROACHABLE_CONCURRENCY = YES;
				SWIFT_DEFAULT_ACTOR_ISOLATION = MainActor;
				SWIFT_EMIT_LOC_STRINGS = YES;
				SWIFT_UPCOMING_FEATURE_MEMBER_IMPORT_VISIBILITY = YES;
				SWIFT_VERSION = 5.0;
				TARGETED_DEVICE_FAMILY = "1,2";
			};
			name = Debug;
		};
		EF473D482EE6D2AD00529782 /* Release configuration for PBXNativeTarget "ui test 2" */ = {
			isa = XCBuildConfiguration;
			buildSettings = {
				ASSETCATALOG_COMPILER_APPICON_NAME = AppIcon;
				ASSETCATALOG_COMPILER_GLOBAL_ACCENT_COLOR_NAME = AccentColor;
				CODE_SIGN_STYLE = Automatic;
				CURRENT_PROJECT_VERSION = 1;
				GENERATE_INFOPLIST_FILE = NO;
				INFOPLIST_FILE = "day4_test_ui 2/Info.plist";
				INFOPLIST_KEY_CFBundleDisplayName = "$(EXECUTABLE_NAME)";
				INFOPLIST_KEY_UIApplicationSupportsIndirectInputEvents = YES;
				INFOPLIST_KEY_UILaunchStoryboardName = LaunchScreen;
				INFOPLIST_KEY_UIMainStoryboardFile = Main;
				INFOPLIST_KEY_UISupportedInterfaceOrientations_iPad = "UIInterfaceOrientationPortrait UIInterfaceOrientationPortraitUpsideDown UIInterfaceOrientationLandscapeLeft UIInterfaceOrientationLandscapeRight";
				INFOPLIST_KEY_UISupportedInterfaceOrientations_iPhone = "UIInterfaceOrientationPortrait UIInterfaceOrientationLandscapeLeft UIInterfaceOrientationLandscapeRight";
				LD_RUNPATH_SEARCH_PATHS = (
					"$(inherited)",
					"@executable_path/Frameworks",
				);
				MARKETING_VERSION = 1.0;
				ONLY_ACTIVE_ARCH = YES;
				PRODUCT_BUNDLE_IDENTIFIER = com.eundy.SwiftStudy.Day4;
				PRODUCT_NAME = ui_test_3;
				STRING_CATALOG_GENERATE_SYMBOLS = YES;
				SWIFT_APPROACHABLE_CONCURRENCY = YES;
				SWIFT_DEFAULT_ACTOR_ISOLATION = MainActor;
				SWIFT_EMIT_LOC_STRINGS = YES;
				SWIFT_UPCOMING_FEATURE_MEMBER_IMPORT_VISIBILITY = YES;
				SWIFT_VERSION = 5.0;
				TARGETED_DEVICE_FAMILY = "1,2";
			};
			name = Release;
		};
		EF473D492EE6D2AD00529782 /* Debug configuration for PBXProject "ui test 2" */ = {
			isa = XCBuildConfiguration;
			buildSettings = {
				ALWAYS_SEARCH_USER_PATHS = NO;
				ASSETCATALOG_COMPILER_GENERATE_SWIFT_ASSET_SYMBOL_EXTENSIONS = YES;
				CLANG_ANALYZER_NONNULL = YES;
				CLANG_ANALYZER_NUMBER_OBJECT_CONVERSION = YES_AGGRESSIVE;
				CLANG_CXX_LANGUAGE_STANDARD = "gnu++20";
				CLANG_ENABLE_MODULES = YES;
				CLANG_ENABLE_OBJC_ARC = YES;
				CLANG_ENABLE_OBJC_WEAK = YES;
				CLANG_WARN_BLOCK_CAPTURE_AUTORELEASING = YES;
				CLANG_WARN_BOOL_CONVERSION = YES;
				CLANG_WARN_COMMA = YES;
				CLANG_WARN_CONSTANT_CONVERSION = YES;
				CLANG_WARN_DEPRECATED_OBJC_IMPLEMENTATIONS = YES;
				CLANG_WARN_DIRECT_OBJC_ISA_USAGE = YES_ERROR;
				CLANG_WARN_DOCUMENTATION_COMMENTS = YES;
				CLANG_WARN_EMPTY_BODY = YES;
				CLANG_WARN_ENUM_CONVERSION = YES;
				CLANG_WARN_INFINITE_RECURSION = YES;
				CLANG_WARN_INT_CONVERSION = YES;
				CLANG_WARN_NON_LITERAL_NULL_CONVERSION = YES;
				CLANG_WARN_OBJC_IMPLICIT_RETAIN_SELF = YES;
				CLANG_WARN_OBJC_LITERAL_CONVERSION = YES;
				CLANG_WARN_OBJC_ROOT_CLASS = YES_ERROR;
				CLANG_WARN_QUOTED_INCLUDE_IN_FRAMEWORK_HEADER = YES;
				CLANG_WARN_RANGE_LOOP_ANALYSIS = YES;
				CLANG_WARN_STRICT_PROTOTYPES = YES;
				CLANG_WARN_SUSPICIOUS_MOVE = YES;
				CLANG_WARN_UNGUARDED_AVAILABILITY = YES_AGGRESSIVE;
				CLANG_WARN_UNREACHABLE_CODE = YES;
				CLANG_WARN__DUPLICATE_METHOD_MATCH = YES;
				COPY_PHASE_STRIP = NO;
				DEBUG_INFORMATION_FORMAT = dwarf;
				ENABLE_STRICT_OBJC_MSGSEND = YES;
				ENABLE_TESTABILITY = YES;
				ENABLE_USER_SCRIPT_SANDBOXING = YES;
				GCC_C_LANGUAGE_STANDARD = gnu17;
				GCC_DYNAMIC_NO_PIC = NO;
				GCC_NO_COMMON_BLOCKS = YES;
				GCC_OPTIMIZATION_LEVEL = 0;
				GCC_PREPROCESSOR_DEFINITIONS = (
					"DEBUG=1",
					"$(inherited)",
				);
				GCC_WARN_64_TO_32_BIT_CONVERSION = YES;
				GCC_WARN_ABOUT_RETURN_TYPE = YES_ERROR;
				GCC_WARN_UNDECLARED_SELECTOR = YES;
				GCC_WARN_UNINITIALIZED_AUTOS = YES_AGGRESSIVE;
				GCC_WARN_UNUSED_FUNCTION = YES;
				GCC_WARN_UNUSED_VARIABLE = YES;
				IPHONEOS_DEPLOYMENT_TARGET = 26.1;
				LOCALIZATION_PREFERS_STRING_CATALOGS = YES;
				MTL_ENABLE_DEBUG_INFO = INCLUDE_SOURCE;
				MTL_FAST_MATH = YES;
				ONLY_ACTIVE_ARCH = YES;
				SDKROOT = iphoneos;
				SWIFT_ACTIVE_COMPILATION_CONDITIONS = "DEBUG $(inherited)";
				SWIFT_OPTIMIZATION_LEVEL = "-Onone";
			};
			name = Debug;
		};
		EF473D4A2EE6D2AD00529782 /* Release configuration for PBXProject "ui test 2" */ = {
			isa = XCBuildConfiguration;
			buildSettings = {
				ALWAYS_SEARCH_USER_PATHS = NO;
				ASSETCATALOG_COMPILER_GENERATE_SWIFT_ASSET_SYMBOL_EXTENSIONS = YES;
				CLANG_ANALYZER_NONNULL = YES;
				CLANG_ANALYZER_NUMBER_OBJECT_CONVERSION = YES_AGGRESSIVE;
				CLANG_CXX_LANGUAGE_STANDARD = "gnu++20";
				CLANG_ENABLE_MODULES = YES;
				CLANG_ENABLE_OBJC_ARC = YES;
				CLANG_ENABLE_OBJC_WEAK = YES;
				CLANG_WARN_BLOCK_CAPTURE_AUTORELEASING = YES;
				CLANG_WARN_BOOL_CONVERSION = YES;
				CLANG_WARN_COMMA = YES;
				CLANG_WARN_CONSTANT_CONVERSION = YES;
				CLANG_WARN_DEPRECATED_OBJC_IMPLEMENTATIONS = YES;
				CLANG_WARN_DIRECT_OBJC_ISA_USAGE = YES_ERROR;
				CLANG_WARN_DOCUMENTATION_COMMENTS = YES;
				CLANG_WARN_EMPTY_BODY = YES;
				CLANG_WARN_ENUM_CONVERSION = YES;
				CLANG_WARN_INFINITE_RECURSION = YES;
				CLANG_WARN_INT_CONVERSION = YES;
				CLANG_WARN_NON_LITERAL_NULL_CONVERSION = YES;
				CLANG_WARN_OBJC_IMPLICIT_RETAIN_SELF = YES;
				CLANG_WARN_OBJC_LITERAL_CONVERSION = YES;
				CLANG_WARN_OBJC_ROOT_CLASS = YES_ERROR;
				CLANG_WARN_QUOTED_INCLUDE_IN_FRAMEWORK_HEADER = YES;
				CLANG_WARN_RANGE_LOOP_ANALYSIS = YES;
				CLANG_WARN_STRICT_PROTOTYPES = YES;
				CLANG_WARN_SUSPICIOUS_MOVE = YES;
				CLANG_WARN_UNGUARDED_AVAILABILITY = YES_AGGRESSIVE;
				CLANG_WARN_UNREACHABLE_CODE = YES;
				CLANG_WARN__DUPLICATE_METHOD_MATCH = YES;
				COPY_PHASE_STRIP = NO;
				DEBUG_INFORMATION_FORMAT = "dwarf-with-dsym";
				ENABLE_NS_ASSERTIONS = NO;
				ENABLE_STRICT_OBJC_MSGSEND = YES;
				ENABLE_USER_SCRIPT_SANDBOXING = YES;
				GCC_C_LANGUAGE_STANDARD = gnu17;
				GCC_NO_COMMON_BLOCKS = YES;
				GCC_WARN_64_TO_32_BIT_CONVERSION = YES;
				GCC_WARN_ABOUT_RETURN_TYPE = YES_ERROR;
				GCC_WARN_UNDECLARED_SELECTOR = YES;
				GCC_WARN_UNINITIALIZED_AUTOS = YES_AGGRESSIVE;
				GCC_WARN_UNUSED_FUNCTION = YES;
				GCC_WARN_UNUSED_VARIABLE = YES;
				IPHONEOS_DEPLOYMENT_TARGET = 26.1;
				LOCALIZATION_PREFERS_STRING_CATALOGS = YES;
				MTL_ENABLE_DEBUG_INFO = NO;
				MTL_FAST_MATH = YES;
				SDKROOT = iphoneos;
				SWIFT_COMPILATION_MODE = wholemodule;
				VALIDATE_PRODUCT = YES;
			};
			name = Release;
		};
/* End XCBuildConfiguration section */

/* Begin XCConfigurationList section */
		EF473D2E2EE6D2AC00529782 /* Build configuration list for PBXProject "ui test 2" */ = {
			isa = XCConfigurationList;
			buildConfigurations = (
				EF473D492EE6D2AD00529782 /* Debug configuration for PBXProject "ui test 2" */,
				EF473D4A2EE6D2AD00529782 /* Release configuration for PBXProject "ui test 2" */,
			);
			defaultConfigurationName = Release;
		};
		EF473D462EE6D2AD00529782 /* Build configuration list for PBXNativeTarget "ui test 2" */ = {
			isa = XCConfigurationList;
			buildConfigurations = (
				EF473D472EE6D2AD00529782 /* Debug configuration for PBXNativeTarget "ui test 2" */,
				EF473D482EE6D2AD00529782 /* Release configuration for PBXNativeTarget "ui test 2" */,
			);
			defaultConfigurationName = Release;
		};
/* End XCConfigurationList section */
	};
	rootObject = EF473D2B2EE6D2AC00529782 /* Project object */;
}
